
Microsoft Visual Studio Solution File, Format Version 12.00
# Visual Studio 15
VisualStudioVersion = 15.0.27130.2027
MinimumVisualStudioVersion = 10.0.40219.1
Project("{8BC9CEB8-8B4A-11D0-8D11-00A0C91BC942}") = "Timestep", "Timestep\Timestep.vcxproj", "{778E3713-974B-45CB-B4F8-E5378C421244}"
EndProject
Global
	GlobalSection(SolutionConfigurationPlatforms) = preSolution
		Debug|x64 = Debug|x64
		Debug|x86 = Debug|x86
		Release|x64 = Release|x64
		Release|x86 = Release|x86
	EndGlobalSection
	GlobalSection(ProjectConfigurationPlatforms) = postSolution
		{778E3713-974B-45CB-B4F8-E5378C421244}.Debug|x64.ActiveCfg = Debug|x64
		{778E3713-974B-45CB-B4F8-E5378C421244}.Debug|x64.Build.0 = Debug|x64
		{778E3713-974B-45CB-B4F8-E5378C421244}.Debug|x86.ActiveCfg = Debug|Win32
		{778E3713-974B-45CB-B4F8-E5378C421244}.Debug|x86.Build.0 = Debug|Win32
		{778E3713-974B-45CB-B4F8-E5378C421244}.Release|x64.ActiveCfg = Release|x64
		{778E3713-974B-45CB-B4F8-E5378C421244}.Release|x64.Build.0 = Release|x64
		{778E3713-974B-45CB-B4F8-E5378C421244}.Release|x86.ActiveCfg = Release|Win32
		{778E3713-974B-45CB-B4F8-E5378C421244}.Release|x86.Build.0 = Release|Win32
	EndGlobalSection
	GlobalSection(SolutionProperties) = preSolution
		HideSolutionNode = FALSE
	EndGlobalSection
	GlobalSection(ExtensibilityGlobals) = postSolution
		SolutionGuid = {A121B4CF-462F-4B7D-B3B3-AF1FBF5E0D7A}
	EndGlobalSection
EndGlobal
